{
  "name": "personal-rns",
  "version": "0.3.7",
  "lockfileVersion": 3,
  "requires": true,
  "packages": {
    "": {
      "name": "personal-rns",
      "version": "0.3.7",
      "license": "MIT OR Apache-2.0",
      "devDependencies": {
        "@types/node": "24.3.0",
        "typescript": "5.9.2"
      },
      "engines": {
        "node": ">=20"
      },
      "optionalDependencies": {
        "personal-rns-darwin-arm64": "0.3.7",
        "personal-rns-darwin-x64": "0.3.7",
        "personal-rns-linux-arm64-gnu": "0.3.7",
        "personal-rns-linux-arm64-musl": "0.3.7",
        "personal-rns-linux-x64-gnu": "0.3.7",
        "personal-rns-linux-x64-musl": "0.3.7",
        "personal-rns-win32-arm64-msvc": "0.3.7",
        "personal-rns-win32-x64-msvc": "0.3.7"
      }
    },
    "node_modules/@types/node": {
      "version": "24.3.0",
      "resolved": "https://registry.npmjs.org/@types/node/-/node-24.3.0.tgz",
      "integrity": "sha512-aPTXCrfwnDLj4VvXrm+UUCQjNEvJgNA8s5F1cvwQU+3KNltTOkBm1j30uNLyqqPNe7gE3KFzImYoZEfLhp4Yow==",
      "dev": true,
      "license": "MIT",
      "dependencies": {
        "undici-types": "~7.10.0"
      }
    },
    "node_modules/personal-rns-darwin-arm64": {
      "version": "0.3.7",
      "resolved": "https://registry.npmjs.org/personal-rns-darwin-arm64/-/personal-rns-darwin-arm64-0.3.7.tgz",
      "integrity": "sha512-5lPTad0GyHbxsgf+QkLpkysf7VvmNOC8+iLNICrt0Mu4ywO+rOsQSDRipREX5vzRcJBNTlUjv9W+9Rx8VUWCMw==",
      "cpu": [
        "arm64"
      ],
      "license": "MIT OR Apache-2.0",
      "optional": true,
      "os": [
        "darwin"
      ],
      "engines": {
        "node": ">= 20"
      }
    },
    "node_modules/personal-rns-darwin-x64": {
      "version": "0.3.7",
      "resolved": "https://registry.npmjs.org/personal-rns-darwin-x64/-/personal-rns-darwin-x64-0.3.7.tgz",
      "integrity": "sha512-yWZdZt5COQT1gXoxapw2o3T5xEiqiJq8W7ZNz4m/cMRTmLF23b9FoMco75c3+RSPQ6UtGXdytstXbbWa2YTASA==",
      "cpu": [
        "x64"
      ],
      "license": "MIT OR Apache-2.0",
      "optional": true,
      "os": [
        "darwin"
      ],
      "engines": {
        "node": ">= 20"
      }
    },
    "node_modules/personal-rns-linux-arm64-gnu": {
      "version": "0.3.7",
      "resolved": "https://registry.npmjs.org/personal-rns-linux-arm64-gnu/-/personal-rns-linux-arm64-gnu-0.3.7.tgz",
      "integrity": "sha512-gTNVNO4U5WgfeMrQdypbicCwLwFqRGh88zAI8BoH7A7Bu38LbKqA6zS+cVHKmUR4iV/OMM0vgJh+r6t8icvf7w==",
      "cpu": [
        "arm64"
      ],
      "libc": [
        "glibc"
      ],
      "license": "MIT OR Apache-2.0",
      "optional": true,
      "os": [
        "linux"
      ],
      "engines": {
        "node": ">= 20"
      }
    },
    "node_modules/personal-rns-linux-arm64-musl": {
      "version": "0.3.7",
      "resolved": "https://registry.npmjs.org/personal-rns-linux-arm64-musl/-/personal-rns-linux-arm64-musl-0.3.7.tgz",
      "integrity": "sha512-JQSrZvWU8UZeJmYrEnW41QBmH7TOy9XmwUJxVHk1D8Gt9P31I4y7eNZi4i5DwekENg8e8BXzBNFba9OYLKFhSg==",
      "cpu": [
        "arm64"
      ],
      "libc": [
        "musl"
      ],
      "license": "MIT OR Apache-2.0",
      "optional": true,
      "os": [
        "linux"
      ],
      "engines": {
        "node": ">= 20"
      }
    },
    "node_modules/personal-rns-linux-x64-gnu": {
      "version": "0.3.7",
      "resolved": "https://registry.npmjs.org/personal-rns-linux-x64-gnu/-/personal-rns-linux-x64-gnu-0.3.7.tgz",
      "integrity": "sha512-Mm3wknSRW/id8S6cJCaa0Or0EJT+pSXZ/Bddeh6QknaK71xVJZFTr107oypYVVSv9swkhZcknELo8D0oEamhYA==",
      "cpu": [
        "x64"
      ],
      "libc": [
        "glibc"
      ],
      "license": "MIT OR Apache-2.0",
      "optional": true,
      "os": [
        "linux"
      ],
      "engines": {
        "node": ">= 20"
      }
    },
    "node_modules/personal-rns-linux-x64-musl": {
      "version": "0.3.7",
      "resolved": "https://registry.npmjs.org/personal-rns-linux-x64-musl/-/personal-rns-linux-x64-musl-0.3.7.tgz",
      "integrity": "sha512-EAsJMbM+cdX/6YBiAgFVpcXv/4wLXhJZAhoEnLD4+PGAUgM/IgUmGRAvziq8qxJYvnrTvGcIitl5sUqLAPxFgQ==",
      "cpu": [
        "x64"
      ],
      "libc": [
        "musl"
      ],
      "license": "MIT OR Apache-2.0",
      "optional": true,
      "os": [
        "linux"
      ],
      "engines": {
        "node": ">= 20"
      }
    },
    "node_modules/personal-rns-win32-arm64-msvc": {
      "version": "0.3.7",
      "resolved": "https://registry.npmjs.org/personal-rns-win32-arm64-msvc/-/personal-rns-win32-arm64-msvc-0.3.7.tgz",
      "integrity": "sha512-GQ1Kgm2Q6c5TcYFkriHdEcHm3y1nhIOhuWva32iqRFnNfbe7pm191g1jtCqUymZ0CnuNn9+Nlevqvlu7wiYmDQ==",
      "cpu": [
        "arm64"
      ],
      "license": "MIT OR Apache-2.0",
      "optional": true,
      "os": [
        "win32"
      ],
      "engines": {
        "node": ">= 20"
      }
    },
    "node_modules/personal-rns-win32-x64-msvc": {
      "version": "0.3.7",
      "resolved": "https://registry.npmjs.org/personal-rns-win32-x64-msvc/-/personal-rns-win32-x64-msvc-0.3.7.tgz",
      "integrity": "sha512-/F1HmdUwMaNfnyWJFxyOUnwUN+s0AfMO6pTsSh90icVeLKvu6Wkf62LEwdYa2HoznTwnnHxyvX9Cp0Tokq893w==",
      "cpu": [
        "x64"
      ],
      "license": "MIT OR Apache-2.0",
      "optional": true,
      "os": [
        "win32"
      ],
      "engines": {
        "node": ">= 20"
      }
    },
    "node_modules/typescript": {
      "version": "5.9.2",
      "resolved": "https://registry.npmjs.org/typescript/-/typescript-5.9.2.tgz",
      "integrity": "sha512-CWBzXQrc/qOkhidw1OzBTQuYRbfyxDXJMVJ1XNwUHGROVmuaeiEm3OslpZ1RV96d7SKKjZKrSJu3+t/xlw3R9A==",
      "dev": true,
      "license": "Apache-2.0",
      "bin": {
        "tsc": "bin/tsc",
        "tsserver": "bin/tsserver"
      },
      "engines": {
        "node": ">=14.17"
      }
    },
    "node_modules/undici-types": {
      "version": "7.10.0",
      "resolved": "https://registry.npmjs.org/undici-types/-/undici-types-7.10.0.tgz",
      "integrity": "sha512-t5Fy/nfn+14LuOc2KNYg75vZqClpAiqscVvMygNnlsHBFpSXdJaYtXMcdNLpl/Qvc3P2cB3s6lOV51nqsFq4ag==",
      "dev": true,
      "license": "MIT"
    }
  }
}
